# This file is automatically @generated by Cargo.
# It is not intended for manual editing.
version = 3

[[package]]
name = "simple_config_parser"
version = "0.1.6"
source = "registry+https://github.com/rust-lang/crates.io-index"
checksum = "ca4aa1331561973f45e596d0b118aab14dab921cd46c58a3c41f1bf08235a3d8"

[[package]]
name = "spaceman"
version = "0.1.0"
dependencies = [
 "simple_config_parser",
]
